<Solution>
  <Project Path="Assembly-CSharp.csproj" />
  <Project Path="Assembly-CSharp-Editor.csproj" />
  <Project Path="OccaSoftware.Buto.Editor.csproj" />
  <Project Path="INabCommonVFX.csproj" />
  <Project Path="WeaponTrail.csproj" />
  <Project Path="OccaSoftware.Buto.Runtime.csproj" />
  <Project Path="TrailsEditor.csproj" />
  <Project Path="OccaSoftware.Buto.Shaders.csproj" />
  <Project Path="INabUniformMeshEditor.csproj" />
  <Project Path="OccaSoftware.Buto.Demo.csproj" />
  <Project Path="INabCommonVFXEditor.csproj" />
</Solution>
